
Microsoft Visual Studio Solution File, Format Version 12.00
# Visual Studio Version 16
VisualStudioVersion = 16.0.30225.117
MinimumVisualStudioVersion = 10.0.40219.1
Project("{9A19103F-16F7-4668-BE54-9A1E7A4F7556}") = "Booli", "Booli\Booli.csproj", "{C8F35770-B47A-48DD-9DC3-CD40123FA3BC}"
EndProject
Project("{9A19103F-16F7-4668-BE54-9A1E7A4F7556}") = "BooliML.Model", "BooliML.Model\BooliML.Model.csproj", "{91814552-6163-40E1-AEE5-62287483850B}"
EndProject
Project("{9A19103F-16F7-4668-BE54-9A1E7A4F7556}") = "BooliML.ConsoleApp", "BooliML.ConsoleApp\BooliML.ConsoleApp.csproj", "{BE75F102-238A-4B9A-B64B-381700075BCD}"
EndProject
Global
	GlobalSection(SolutionConfigurationPlatforms) = preSolution
		Debug|Any CPU = Debug|Any CPU
		Release|Any CPU = Release|Any CPU
	EndGlobalSection
	GlobalSection(ProjectConfigurationPlatforms) = postSolution
		{C8F35770-B47A-48DD-9DC3-CD40123FA3BC}.Debug|Any CPU.ActiveCfg = Debug|Any CPU
		{C8F35770-B47A-48DD-9DC3-CD40123FA3BC}.Debug|Any CPU.Build.0 = Debug|Any CPU
		{C8F35770-B47A-48DD-9DC3-CD40123FA3BC}.Release|Any CPU.ActiveCfg = Release|Any CPU
		{C8F35770-B47A-48DD-9DC3-CD40123FA3BC}.Release|Any CPU.Build.0 = Release|Any CPU
		{91814552-6163-40E1-AEE5-62287483850B}.Debug|Any CPU.ActiveCfg = Debug|Any CPU
		{91814552-6163-40E1-AEE5-62287483850B}.Debug|Any CPU.Build.0 = Debug|Any CPU
		{91814552-6163-40E1-AEE5-62287483850B}.Release|Any CPU.ActiveCfg = Release|Any CPU
		{91814552-6163-40E1-AEE5-62287483850B}.Release|Any CPU.Build.0 = Release|Any CPU
		{BE75F102-238A-4B9A-B64B-381700075BCD}.Debug|Any CPU.ActiveCfg = Debug|Any CPU
		{BE75F102-238A-4B9A-B64B-381700075BCD}.Debug|Any CPU.Build.0 = Debug|Any CPU
		{BE75F102-238A-4B9A-B64B-381700075BCD}.Release|Any CPU.ActiveCfg = Release|Any CPU
		{BE75F102-238A-4B9A-B64B-381700075BCD}.Release|Any CPU.Build.0 = Release|Any CPU
	EndGlobalSection
	GlobalSection(SolutionProperties) = preSolution
		HideSolutionNode = FALSE
	EndGlobalSection
	GlobalSection(ExtensibilityGlobals) = postSolution
		SolutionGuid = {42DDBB77-8FEA-47DC-A947-D10D511E795B}
	EndGlobalSection
EndGlobal
